# This file is automatically @generated by Cargo.
# It is not intended for manual editing.
version = 4

[[package]]
name = "PWEngineRust"
version = "0.1.0"
dependencies = [
 "sdl3",
]

[[package]]
name = "bitflags"
version = "2.13.0"
source = "registry+https://github.com/rust-lang/crates.io-index"
checksum = "b4388bee8683e3d04af747c73422af53102d2bd24d9eadb6cbc100baef4b43f8"

[[package]]
name = "libc"
version = "0.2.186"
source = "registry+https://github.com/rust-lang/crates.io-index"
checksum = "68ab91017fe16c622486840e4c83c9a37afeff978bd239b5293d61ece587de66"

[[package]]
name = "pkg-config"
version = "0.3.33"
source = "registry+https://github.com/rust-lang/crates.io-index"
checksum = "19f132c84eca552bf34cab8ec81f1c1dcc229b811638f9d283dceabe58c5569e"

[[package]]
name = "sdl3"
version = "0.18.4"
source = "registry+https://github.com/rust-lang/crates.io-index"
checksum = "25bd22eb1bbc9137e914022b4994ed35591eea0884e9e3e98e6d9895cad6e1d2"
dependencies = [
 "bitflags",
 "libc",
 "sdl3-sys",
]

[[package]]
name = "sdl3-sys"
version = "0.6.6+SDL-3.4.10"
source = "registry+https://github.com/rust-lang/crates.io-index"
checksum = "04e7f134def04ed72e6f55187c6c29c72f7dab5d359c4be0dd49c9b97fef59c7"
dependencies = [
 "pkg-config",
 "vcpkg",
]

[[package]]
name = "vcpkg"
version = "0.2.15"
source = "registry+https://github.com/rust-lang/crates.io-index"
checksum = "accd4ea62f7bb7a82fe23066fb0957d48ef677f6eeb8215f372f52e48bb32426"
